
Microsoft Visual Studio Solution File, Format Version 12.00
# Visual Studio Version 16
VisualStudioVersion = 16.0.31205.134
MinimumVisualStudioVersion = 10.0.40219.1
Project("{FAE04EC0-301F-11D3-BF4B-00C04F79EFBC}") = "3_02", "3_02\3_02.csproj", "{E9B41D86-728D-4EE0-9124-4E4D39AAAF6D}"
EndProject
Global
	GlobalSection(SolutionConfigurationPlatforms) = preSolution
		Debug|Any CPU = Debug|Any CPU
		Release|Any CPU = Release|Any CPU
	EndGlobalSection
	GlobalSection(ProjectConfigurationPlatforms) = postSolution
		{E9B41D86-728D-4EE0-9124-4E4D39AAAF6D}.Debug|Any CPU.ActiveCfg = Debug|Any CPU
		{E9B41D86-728D-4EE0-9124-4E4D39AAAF6D}.Debug|Any CPU.Build.0 = Debug|Any CPU
		{E9B41D86-728D-4EE0-9124-4E4D39AAAF6D}.Release|Any CPU.ActiveCfg = Release|Any CPU
		{E9B41D86-728D-4EE0-9124-4E4D39AAAF6D}.Release|Any CPU.Build.0 = Release|Any CPU
	EndGlobalSection
	GlobalSection(SolutionProperties) = preSolution
		HideSolutionNode = FALSE
	EndGlobalSection
	GlobalSection(ExtensibilityGlobals) = postSolution
		SolutionGuid = {AE54B094-AA5A-42BB-960E-FF3253A39F53}
	EndGlobalSection
EndGlobal
